
Microsoft Visual Studio Solution File, Format Version 12.00
# Visual Studio 15
VisualStudioVersion = 15.0.28307.1300
MinimumVisualStudioVersion = 10.0.40219.1
Project("{9A19103F-16F7-4668-BE54-9A1E7A4F7556}") = "ProAgil.Api", "ProAgil2.Api\ProAgil.Api.csproj", "{FE76202E-DACB-4A66-A70D-5F62AFC09FF9}"
EndProject
Global
	GlobalSection(SolutionConfigurationPlatforms) = preSolution
		Debug|Any CPU = Debug|Any CPU
		Release|Any CPU = Release|Any CPU
	EndGlobalSection
	GlobalSection(ProjectConfigurationPlatforms) = postSolution
		{FE76202E-DACB-4A66-A70D-5F62AFC09FF9}.Debug|Any CPU.ActiveCfg = Debug|Any CPU
		{FE76202E-DACB-4A66-A70D-5F62AFC09FF9}.Debug|Any CPU.Build.0 = Debug|Any CPU
		{FE76202E-DACB-4A66-A70D-5F62AFC09FF9}.Release|Any CPU.ActiveCfg = Release|Any CPU
		{FE76202E-DACB-4A66-A70D-5F62AFC09FF9}.Release|Any CPU.Build.0 = Release|Any CPU
	EndGlobalSection
	GlobalSection(SolutionProperties) = preSolution
		HideSolutionNode = FALSE
	EndGlobalSection
	GlobalSection(ExtensibilityGlobals) = postSolution
		SolutionGuid = {628E5000-F651-487A-91EE-D42528894CB6}
	EndGlobalSection
EndGlobal
